
Microsoft Visual Studio Solution File, Format Version 12.00
# Visual Studio Version 17
VisualStudioVersion = 17.11.35303.130
MinimumVisualStudioVersion = 10.0.40219.1
Project("{9A19103F-16F7-4668-BE54-9A1E7A4F7556}") = "Week2A", "Week2A.csproj", "{D8D6C33D-B2F8-4906-B99A-A7766C159626}"
EndProject
Project("{9A19103F-16F7-4668-BE54-9A1E7A4F7556}") = "Week2B_Sportzalen", "..\Week2B_Sportzalen\Week2B_Sportzalen.csproj", "{93DF980B-059A-497B-B39B-E2ACB9A8D4CE}"
EndProject
Project("{9A19103F-16F7-4668-BE54-9A1E7A4F7556}") = "Week2B_Activiteit", "..\Week2B_Activiteit\Week2B_Activiteit.csproj", "{5AE29E4A-1850-4532-97CC-E432318D2972}"
EndProject
Project("{9A19103F-16F7-4668-BE54-9A1E7A4F7556}") = "Week3A_Appels_en_Peren", "..\Week3A_Appels_en_Peren\Week3A_Appels_en_Peren.csproj", "{73E7FC45-EE6E-4ADC-AE99-6EF9DFCD597A}"
EndProject
Project("{9A19103F-16F7-4668-BE54-9A1E7A4F7556}") = "Week3B_Emmer", "..\Week3B_Emmer\Week3B_Emmer.csproj", "{D51EB476-5483-4802-B6DF-BAA7887C0A39}"
EndProject
Project("{9A19103F-16F7-4668-BE54-9A1E7A4F7556}") = "Week3B_Emmer_UnitTests", "..\Week3B_Emmer_UnitTests\Week3B_Emmer_UnitTests.csproj", "{AD165CAE-3EB7-4515-AD77-C1F578060CAC}"
EndProject
Project("{2150E333-8FDC-42A3-9474-1A3956D46DE8}") = "Aftekenopdracht Memory", "Aftekenopdracht Memory", "{639BBBA0-1364-4D87-A06F-61CC3978DCF2}"
EndProject
Project("{9A19103F-16F7-4668-BE54-9A1E7A4F7556}") = "Memory_Business", "..\Memory_Business\Memory_Business.csproj", "{40C27F00-5246-457C-BF73-B57BCCDEC43D}"
EndProject
Project("{9A19103F-16F7-4668-BE54-9A1E7A4F7556}") = "Memory_ConsoleApp", "..\Memory_ConsoleApp\Memory_ConsoleApp.csproj", "{65776735-FE2D-4683-9164-F1A97B3B8980}"
EndProject
Project("{9A19103F-16F7-4668-BE54-9A1E7A4F7556}") = "LinqDingen", "..\HatanDenNartog\LinqDingen.csproj", "{0356DA9D-FE5F-47DA-AC05-3A874FF5A285}"
EndProject
Project("{9A19103F-16F7-4668-BE54-9A1E7A4F7556}") = "Memory_DataAccess", "..\Memory_DataAccess\Memory_DataAccess.csproj", "{994ACC2F-7144-4394-B885-CE0153B73485}"
EndProject
Project("{9A19103F-16F7-4668-BE54-9A1E7A4F7556}") = "Memory_WpfApp", "..\Memory_WpfApp\Memory_WpfApp.csproj", "{3D30CE65-7FC7-484A-A607-BF5FD4F498CE}"
EndProject
Project("{9A19103F-16F7-4668-BE54-9A1E7A4F7556}") = "Memory_Tests", "..\Memory_Tests\Memory_Tests.csproj", "{7359A828-3326-4E20-9477-41BC2AB5E45A}"
EndProject
Project("{9A19103F-16F7-4668-BE54-9A1E7A4F7556}") = "Emballage-inname", "..\Toets_CS_P4_2324\Emballage-inname\Emballage-inname.csproj", "{63E88258-4C0B-4849-AC48-14BB58F650A0}"
EndProject
Global
	GlobalSection(SolutionConfigurationPlatforms) = preSolution
		Debug|Any CPU = Debug|Any CPU
		Release|Any CPU = Release|Any CPU
	EndGlobalSection
	GlobalSection(ProjectConfigurationPlatforms) = postSolution
		{D8D6C33D-B2F8-4906-B99A-A7766C159626}.Debug|Any CPU.ActiveCfg = Debug|Any CPU
		{D8D6C33D-B2F8-4906-B99A-A7766C159626}.Debug|Any CPU.Build.0 = Debug|Any CPU
		{D8D6C33D-B2F8-4906-B99A-A7766C159626}.Release|Any CPU.ActiveCfg = Release|Any CPU
		{D8D6C33D-B2F8-4906-B99A-A7766C159626}.Release|Any CPU.Build.0 = Release|Any CPU
		{93DF980B-059A-497B-B39B-E2ACB9A8D4CE}.Debug|Any CPU.ActiveCfg = Debug|Any CPU
		{93DF980B-059A-497B-B39B-E2ACB9A8D4CE}.Debug|Any CPU.Build.0 = Debug|Any CPU
		{93DF980B-059A-497B-B39B-E2ACB9A8D4CE}.Release|Any CPU.ActiveCfg = Release|Any CPU
		{93DF980B-059A-497B-B39B-E2ACB9A8D4CE}.Release|Any CPU.Build.0 = Release|Any CPU
		{5AE29E4A-1850-4532-97CC-E432318D2972}.Debug|Any CPU.ActiveCfg = Debug|Any CPU
		{5AE29E4A-1850-4532-97CC-E432318D2972}.Debug|Any CPU.Build.0 = Debug|Any CPU
		{5AE29E4A-1850-4532-97CC-E432318D2972}.Release|Any CPU.ActiveCfg = Release|Any CPU
		{5AE29E4A-1850-4532-97CC-E432318D2972}.Release|Any CPU.Build.0 = Release|Any CPU
		{73E7FC45-EE6E-4ADC-AE99-6EF9DFCD597A}.Debug|Any CPU.ActiveCfg = Debug|Any CPU
		{73E7FC45-EE6E-4ADC-AE99-6EF9DFCD597A}.Debug|Any CPU.Build.0 = Debug|Any CPU
		{73E7FC45-EE6E-4ADC-AE99-6EF9DFCD597A}.Release|Any CPU.ActiveCfg = Release|Any CPU
		{73E7FC45-EE6E-4ADC-AE99-6EF9DFCD597A}.Release|Any CPU.Build.0 = Release|Any CPU
		{D51EB476-5483-4802-B6DF-BAA7887C0A39}.Debug|Any CPU.ActiveCfg = Debug|Any CPU
		{D51EB476-5483-4802-B6DF-BAA7887C0A39}.Debug|Any CPU.Build.0 = Debug|Any CPU
		{D51EB476-5483-4802-B6DF-BAA7887C0A39}.Release|Any CPU.ActiveCfg = Release|Any CPU
		{D51EB476-5483-4802-B6DF-BAA7887C0A39}.Release|Any CPU.Build.0 = Release|Any CPU
		{AD165CAE-3EB7-4515-AD77-C1F578060CAC}.Debug|Any CPU.ActiveCfg = Debug|Any CPU
		{AD165CAE-3EB7-4515-AD77-C1F578060CAC}.Debug|Any CPU.Build.0 = Debug|Any CPU
		{AD165CAE-3EB7-4515-AD77-C1F578060CAC}.Release|Any CPU.ActiveCfg = Release|Any CPU
		{AD165CAE-3EB7-4515-AD77-C1F578060CAC}.Release|Any CPU.Build.0 = Release|Any CPU
		{40C27F00-5246-457C-BF73-B57BCCDEC43D}.Debug|Any CPU.ActiveCfg = Debug|Any CPU
		{40C27F00-5246-457C-BF73-B57BCCDEC43D}.Debug|Any CPU.Build.0 = Debug|Any CPU
		{40C27F00-5246-457C-BF73-B57BCCDEC43D}.Release|Any CPU.ActiveCfg = Release|Any CPU
		{40C27F00-5246-457C-BF73-B57BCCDEC43D}.Release|Any CPU.Build.0 = Release|Any CPU
		{65776735-FE2D-4683-9164-F1A97B3B8980}.Debug|Any CPU.ActiveCfg = Debug|Any CPU
		{65776735-FE2D-4683-9164-F1A97B3B8980}.Debug|Any CPU.Build.0 = Debug|Any CPU
		{65776735-FE2D-4683-9164-F1A97B3B8980}.Release|Any CPU.ActiveCfg = Release|Any CPU
		{65776735-FE2D-4683-9164-F1A97B3B8980}.Release|Any CPU.Build.0 = Release|Any CPU
		{0356DA9D-FE5F-47DA-AC05-3A874FF5A285}.Debug|Any CPU.ActiveCfg = Debug|Any CPU
		{0356DA9D-FE5F-47DA-AC05-3A874FF5A285}.Debug|Any CPU.Build.0 = Debug|Any CPU
		{0356DA9D-FE5F-47DA-AC05-3A874FF5A285}.Release|Any CPU.ActiveCfg = Release|Any CPU
		{0356DA9D-FE5F-47DA-AC05-3A874FF5A285}.Release|Any CPU.Build.0 = Release|Any CPU
		{994ACC2F-7144-4394-B885-CE0153B73485}.Debug|Any CPU.ActiveCfg = Debug|Any CPU
		{994ACC2F-7144-4394-B885-CE0153B73485}.Debug|Any CPU.Build.0 = Debug|Any CPU
		{994ACC2F-7144-4394-B885-CE0153B73485}.Release|Any CPU.ActiveCfg = Release|Any CPU
		{994ACC2F-7144-4394-B885-CE0153B73485}.Release|Any CPU.Build.0 = Release|Any CPU
		{3D30CE65-7FC7-484A-A607-BF5FD4F498CE}.Debug|Any CPU.ActiveCfg = Debug|Any CPU
		{3D30CE65-7FC7-484A-A607-BF5FD4F498CE}.Debug|Any CPU.Build.0 = Debug|Any CPU
		{3D30CE65-7FC7-484A-A607-BF5FD4F498CE}.Release|Any CPU.ActiveCfg = Release|Any CPU
		{3D30CE65-7FC7-484A-A607-BF5FD4F498CE}.Release|Any CPU.Build.0 = Release|Any CPU
		{7359A828-3326-4E20-9477-41BC2AB5E45A}.Debug|Any CPU.ActiveCfg = Debug|Any CPU
		{7359A828-3326-4E20-9477-41BC2AB5E45A}.Debug|Any CPU.Build.0 = Debug|Any CPU
		{7359A828-3326-4E20-9477-41BC2AB5E45A}.Release|Any CPU.ActiveCfg = Release|Any CPU
		{7359A828-3326-4E20-9477-41BC2AB5E45A}.Release|Any CPU.Build.0 = Release|Any CPU
		{63E88258-4C0B-4849-AC48-14BB58F650A0}.Debug|Any CPU.ActiveCfg = Debug|Any CPU
		{63E88258-4C0B-4849-AC48-14BB58F650A0}.Debug|Any CPU.Build.0 = Debug|Any CPU
		{63E88258-4C0B-4849-AC48-14BB58F650A0}.Release|Any CPU.ActiveCfg = Release|Any CPU
		{63E88258-4C0B-4849-AC48-14BB58F650A0}.Release|Any CPU.Build.0 = Release|Any CPU
	EndGlobalSection
	GlobalSection(SolutionProperties) = preSolution
		HideSolutionNode = FALSE
	EndGlobalSection
	GlobalSection(NestedProjects) = preSolution
		{40C27F00-5246-457C-BF73-B57BCCDEC43D} = {639BBBA0-1364-4D87-A06F-61CC3978DCF2}
		{65776735-FE2D-4683-9164-F1A97B3B8980} = {639BBBA0-1364-4D87-A06F-61CC3978DCF2}
		{994ACC2F-7144-4394-B885-CE0153B73485} = {639BBBA0-1364-4D87-A06F-61CC3978DCF2}
		{3D30CE65-7FC7-484A-A607-BF5FD4F498CE} = {639BBBA0-1364-4D87-A06F-61CC3978DCF2}
		{7359A828-3326-4E20-9477-41BC2AB5E45A} = {639BBBA0-1364-4D87-A06F-61CC3978DCF2}
	EndGlobalSection
	GlobalSection(ExtensibilityGlobals) = postSolution
		SolutionGuid = {3546D3A8-F56E-4ECC-BF21-7BED9BBE8FB3}
	EndGlobalSection
EndGlobal
